github.com/AkashSalunkhe111/Golang-Barcode-Encoder-and-Decoder v0.0.0-20200111201032-e8abd7d06133 h1:oYwDEi+CELHVnsugy5KULjfpNAbCtOv2qYJN3eq4UNo=
github.com/AkashSalunkhe111/Golang-Barcode-Encoder-and-Decoder v0.0.0-20200111201032-e8abd7d06133/go.mod h1:t8XnWcrhRDVyYAzqcNkHwNImwSeQ/FZcD+HcLkoud78=
github.com/skip2/go-qrcode v0.0.0-20191027152451-9434209cb086 h1:RYiqpb2ii2Z6J4x0wxK46kvPBbFuZcdhS+CIztmYgZs=
github.com/skip2/go-qrcode v0.0.0-20191027152451-9434209cb086/go.mod h1:PLPIyL7ikehBD1OAjmKKiOEhbvWyHGaNDjquXMcYABo=
